# This file is automatically @generated by Cargo.
# It is not intended for manual editing.
version = 4

[[package]]
name = "detector495"
version = "0.0.0"
dependencies = [
 "phxsql-core",
 "phxsql-sql",
]

[[package]]
name = "phxsql-core"
version = "0.19.0"

[[package]]
name = "phxsql-sql"
version = "0.19.0"
dependencies = [
 "phxsql-core",
]
