# This file is automatically @generated by Cargo.
# It is not intended for manual editing.
version = 3

[[package]]
name = "phxsql-cli"
version = "0.5.1"
dependencies = [
 "phxsql-core",
 "phxsql-store",
]

[[package]]
name = "phxsql-core"
version = "0.5.1"

[[package]]
name = "phxsql-server"
version = "0.5.1"
dependencies = [
 "phxsql-core",
 "phxsql-store",
]

[[package]]
name = "phxsql-store"
version = "0.5.1"
dependencies = [
 "phxsql-core",
]
