# This file is automatically @generated by Cargo.
# It is not intended for manual editing.
version = 3

[[package]]
name = "phxsql-cli"
version = "0.17.0"
dependencies = [
 "phxsql-core",
 "phxsql-store",
]

[[package]]
name = "phxsql-core"
version = "0.17.0"

[[package]]
name = "phxsql-server"
version = "0.17.0"
dependencies = [
 "phxsql-core",
 "phxsql-sql",
 "phxsql-store",
]

[[package]]
name = "phxsql-sql"
version = "0.17.0"
dependencies = [
 "phxsql-core",
]

[[package]]
name = "phxsql-store"
version = "0.17.0"
dependencies = [
 "phxsql-core",
]
